{
  "name": "@xwq-cli/exec",
  "version": "1.0.4",
  "lockfileVersion": 2,
  "requires": true,
  "packages": {
    "": {
      "name": "@xwq-cli/exec",
      "version": "1.0.4",
      "license": "ISC",
      "dependencies": {
        "@xwq-cli/package": "file:../../models/package"
      }
    },
    "../../models/package": {
      "version": "1.0.4",
      "license": "ISC"
    },
    "node_modules/@xwq-cli/package": {
      "resolved": "../../models/package",
      "link": true
    }
  },
  "dependencies": {
    "@xwq-cli/package": {
      "version": "file:../../models/package"
    }
  }
}
